// !$*UTF8*$!
{
	archiveVersion = 1;
	classes = {
	};
	objectVersion = 56;
	objects = {

/* Begin PBXBuildFile section */
		1E145BCD299BB7200081DF93 /* AppDelegate.swift in Sources */ = {isa = PBXBuildFile; fileRef = 1E145BCC299BB7200081DF93 /* AppDelegate.swift */; };
		1E145BCF299BB7200081DF93 /* SceneDelegate.swift in Sources */ = {isa = PBXBuildFile; fileRef = 1E145BCE299BB7200081DF93 /* SceneDelegate.swift */; };
		1E145BD1299BB7200081DF93 /* ViewController.swift in Sources */ = {isa = PBXBuildFile; fileRef = 1E145BD0299BB7200081DF93 /* ViewController.swift */; };
		1E145BD4299BB7200081DF93 /* Main.storyboard in Resources */ = {isa = PBXBuildFile; fileRef = 1E145BD2299BB7200081DF93 /* Main.storyboard */; };
		1E145BD6299BB7210081DF93 /* Assets.xcassets in Resources */ = {isa = PBXBuildFile; fileRef = 1E145BD5299BB7210081DF93 /* Assets.xcassets */; };
		1E145BD9299BB7210081DF93 /* LaunchScreen.storyboard in Resources */ = {isa = PBXBuildFile; fileRef = 1E145BD7299BB7210081DF93 /* LaunchScreen.storyboard */; };
		1E145BE4299BB7210081DF93 /* Baby_BlockchainTests.swift in Sources */ = {isa = PBXBuildFile; fileRef = 1E145BE3299BB7210081DF93 /* Baby_BlockchainTests.swift */; };
		1E145BEE299BB7210081DF93 /* Baby_BlockchainUITests.swift in Sources */ = {isa = PBXBuildFile; fileRef = 1E145BED299BB7210081DF93 /* Baby_BlockchainUITests.swift */; };
		1E145BF0299BB7210081DF93 /* Baby_BlockchainUITestsLaunchTests.swift in Sources */ = {isa = PBXBuildFile; fileRef = 1E145BEF299BB7210081DF93 /* Baby_BlockchainUITestsLaunchTests.swift */; };
		1E145BFD299BBAD40081DF93 /* KeyPair.swift in Sources */ = {isa = PBXBuildFile; fileRef = 1E145BFC299BBAD40081DF93 /* KeyPair.swift */; };
		1E145BFF299BBADE0081DF93 /* SignatureService.swift in Sources */ = {isa = PBXBuildFile; fileRef = 1E145BFE299BBADE0081DF93 /* SignatureService.swift */; };
		1EB23D1329B347870029B636 /* LegacySignatureEC+HMAC.swift in Sources */ = {isa = PBXBuildFile; fileRef = 1EB23D1229B347870029B636 /* LegacySignatureEC+HMAC.swift */; };
		1EE6674629B79DC700C7C07D /* Account.swift in Sources */ = {isa = PBXBuildFile; fileRef = 1EE6674529B79DC700C7C07D /* Account.swift */; };
		1EE6674829B7A01D00C7C07D /* Operation.swift in Sources */ = {isa = PBXBuildFile; fileRef = 1EE6674729B7A01D00C7C07D /* Operation.swift */; };
		1EE6674A29B7A02D00C7C07D /* Transaction.swift in Sources */ = {isa = PBXBuildFile; fileRef = 1EE6674929B7A02D00C7C07D /* Transaction.swift */; };
		1EE9908929C0A1F900F782A2 /* HashService.swift in Sources */ = {isa = PBXBuildFile; fileRef = 1EE9908829C0A1F900F782A2 /* HashService.swift */; };
		1EE9908B29C0C14300F782A2 /* Block.swift in Sources */ = {isa = PBXBuildFile; fileRef = 1EE9908A29C0C14300F782A2 /* Block.swift */; };
		1EE9908D29C0C1C300F782A2 /* Blockchain.swift in Sources */ = {isa = PBXBuildFile; fileRef = 1EE9908C29C0C1C300F782A2 /* Blockchain.swift */; };
		1EE9908F29C0D70C00F782A2 /* Node.swift in Sources */ = {isa = PBXBuildFile; fileRef = 1EE9908E29C0D70C00F782A2 /* Node.swift */; };
		1EE9909129C0D72100F782A2 /* Wallet.swift in Sources */ = {isa = PBXBuildFile; fileRef = 1EE9909029C0D72100F782A2 /* Wallet.swift */; };
		1EE9909329C0D73100F782A2 /* UserApplication.swift in Sources */ = {isa = PBXBuildFile; fileRef = 1EE9909229C0D73100F782A2 /* UserApplication.swift */; };
/* End PBXBuildFile section */

/* Begin PBXContainerItemProxy section */
		1E145BE0299BB7210081DF93 /* PBXContainerItemProxy */ = {
			isa = PBXContainerItemProxy;
			containerPortal = 1E145BC1299BB7200081DF93 /* Project object */;
			proxyType = 1;
			remoteGlobalIDString = 1E145BC8299BB7200081DF93;
			remoteInfo = "Baby-Blockchain";
		};
		1E145BEA299BB7210081DF93 /* PBXContainerItemProxy */ = {
			isa = PBXContainerItemProxy;
			containerPortal = 1E145BC1299BB7200081DF93 /* Project object */;
			proxyType = 1;
			remoteGlobalIDString = 1E145BC8299BB7200081DF93;
			remoteInfo = "Baby-Blockchain";
		};
/* End PBXContainerItemProxy section */

/* Begin PBXFileReference section */
		1E145BC9299BB7200081DF93 /* Baby-Blockchain.app */ = {isa = PBXFileReference; explicitFileType = wrapper.application; includeInIndex = 0; path = "Baby-Blockchain.app"; sourceTree = BUILT_PRODUCTS_DIR; };
		1E145BCC299BB7200081DF93 /* AppDelegate.swift */ = {isa = PBXFileReference; lastKnownFileType = sourcecode.swift; path = AppDelegate.swift; sourceTree = "<group>"; };
		1E145BCE299BB7200081DF93 /* SceneDelegate.swift */ = {isa = PBXFileReference; lastKnownFileType = sourcecode.swift; path = SceneDelegate.swift; sourceTree = "<group>"; };
		1E145BD0299BB7200081DF93 /* ViewController.swift */ = {isa = PBXFileReference; lastKnownFileType = sourcecode.swift; path = ViewController.swift; sourceTree = "<group>"; };
		1E145BD3299BB7200081DF93 /* Base */ = {isa = PBXFileReference; lastKnownFileType = file.storyboard; name = Base; path = Base.lproj/Main.storyboard; sourceTree = "<group>"; };
		1E145BD5299BB7210081DF93 /* Assets.xcassets */ = {isa = PBXFileReference; lastKnownFileType = folder.assetcatalog; path = Assets.xcassets; sourceTree = "<group>"; };
		1E145BD8299BB7210081DF93 /* Base */ = {isa = PBXFileReference; lastKnownFileType = file.storyboard; name = Base; path = Base.lproj/LaunchScreen.storyboard; sourceTree = "<group>"; };
		1E145BDA299BB7210081DF93 /* Info.plist */ = {isa = PBXFileReference; lastKnownFileType = text.plist.xml; path = Info.plist; sourceTree = "<group>"; };
		1E145BDF299BB7210081DF93 /* Baby-BlockchainTests.xctest */ = {isa = PBXFileReference; explicitFileType = wrapper.cfbundle; includeInIndex = 0; path = "Baby-BlockchainTests.xctest"; sourceTree = BUILT_PRODUCTS_DIR; };
		1E145BE3299BB7210081DF93 /* Baby_BlockchainTests.swift */ = {isa = PBXFileReference; lastKnownFileType = sourcecode.swift; path = Baby_BlockchainTests.swift; sourceTree = "<group>"; };
		1E145BE9299BB7210081DF93 /* Baby-BlockchainUITests.xctest */ = {isa = PBXFileReference; explicitFileType = wrapper.cfbundle; includeInIndex = 0; path = "Baby-BlockchainUITests.xctest"; sourceTree = BUILT_PRODUCTS_DIR; };
		1E145BED299BB7210081DF93 /* Baby_BlockchainUITests.swift */ = {isa = PBXFileReference; lastKnownFileType = sourcecode.swift; path = Baby_BlockchainUITests.swift; sourceTree = "<group>"; };
		1E145BEF299BB7210081DF93 /* Baby_BlockchainUITestsLaunchTests.swift */ = {isa = PBXFileReference; lastKnownFileType = sourcecode.swift; path = Baby_BlockchainUITestsLaunchTests.swift; sourceTree = "<group>"; };
		1E145BFC299BBAD40081DF93 /* KeyPair.swift */ = {isa = PBXFileReference; lastKnownFileType = sourcecode.swift; path = KeyPair.swift; sourceTree = "<group>"; };
		1E145BFE299BBADE0081DF93 /* SignatureService.swift */ = {isa = PBXFileReference; lastKnownFileType = sourcecode.swift; path = SignatureService.swift; sourceTree = "<group>"; };
		1EB23D1229B347870029B636 /* LegacySignatureEC+HMAC.swift */ = {isa = PBXFileReference; lastKnownFileType = sourcecode.swift; path = "LegacySignatureEC+HMAC.swift"; sourceTree = "<group>"; };
		1EE6674529B79DC700C7C07D /* Account.swift */ = {isa = PBXFileReference; lastKnownFileType = sourcecode.swift; path = Account.swift; sourceTree = "<group>"; };
		1EE6674729B7A01D00C7C07D /* Operation.swift */ = {isa = PBXFileReference; lastKnownFileType = sourcecode.swift; path = Operation.swift; sourceTree = "<group>"; };
		1EE6674929B7A02D00C7C07D /* Transaction.swift */ = {isa = PBXFileReference; lastKnownFileType = sourcecode.swift; path = Transaction.swift; sourceTree = "<group>"; };
		1EE9908829C0A1F900F782A2 /* HashService.swift */ = {isa = PBXFileReference; lastKnownFileType = sourcecode.swift; path = HashService.swift; sourceTree = "<group>"; };
		1EE9908A29C0C14300F782A2 /* Block.swift */ = {isa = PBXFileReference; lastKnownFileType = sourcecode.swift; path = Block.swift; sourceTree = "<group>"; };
		1EE9908C29C0C1C300F782A2 /* Blockchain.swift */ = {isa = PBXFileReference; lastKnownFileType = sourcecode.swift; path = Blockchain.swift; sourceTree = "<group>"; };
		1EE9908E29C0D70C00F782A2 /* Node.swift */ = {isa = PBXFileReference; lastKnownFileType = sourcecode.swift; path = Node.swift; sourceTree = "<group>"; };
		1EE9909029C0D72100F782A2 /* Wallet.swift */ = {isa = PBXFileReference; lastKnownFileType = sourcecode.swift; path = Wallet.swift; sourceTree = "<group>"; };
		1EE9909229C0D73100F782A2 /* UserApplication.swift */ = {isa = PBXFileReference; lastKnownFileType = sourcecode.swift; path = UserApplication.swift; sourceTree = "<group>"; };
/* End PBXFileReference section */

/* Begin PBXFrameworksBuildPhase section */
		1E145BC6299BB7200081DF93 /* Frameworks */ = {
			isa = PBXFrameworksBuildPhase;
			buildActionMask = 2147483647;
			files = (
			);
			runOnlyForDeploymentPostprocessing = 0;
		};
		1E145BDC299BB7210081DF93 /* Frameworks */ = {
			isa = PBXFrameworksBuildPhase;
			buildActionMask = 2147483647;
			files = (
			);
			runOnlyForDeploymentPostprocessing = 0;
		};
		1E145BE6299BB7210081DF93 /* Frameworks */ = {
			isa = PBXFrameworksBuildPhase;
			buildActionMask = 2147483647;
			files = (
			);
			runOnlyForDeploymentPostprocessing = 0;
		};
/* End PBXFrameworksBuildPhase section */

/* Begin PBXGroup section */
		1E145BC0299BB7200081DF93 = {
			isa = PBXGroup;
			children = (
				1E145BCB299BB7200081DF93 /* Baby-Blockchain */,
				1E145BE2299BB7210081DF93 /* Baby-BlockchainTests */,
				1E145BEC299BB7210081DF93 /* Baby-BlockchainUITests */,
				1E145BCA299BB7200081DF93 /* Products */,
			);
			sourceTree = "<group>";
		};
		1E145BCA299BB7200081DF93 /* Products */ = {
			isa = PBXGroup;
			children = (
				1E145BC9299BB7200081DF93 /* Baby-Blockchain.app */,
				1E145BDF299BB7210081DF93 /* Baby-BlockchainTests.xctest */,
				1E145BE9299BB7210081DF93 /* Baby-BlockchainUITests.xctest */,
			);
			name = Products;
			sourceTree = "<group>";
		};
		1E145BCB299BB7200081DF93 /* Baby-Blockchain */ = {
			isa = PBXGroup;
			children = (
				1EE6674229B34F8F00C7C07D /* Blockchain */,
				1E145BCC299BB7200081DF93 /* AppDelegate.swift */,
				1E145BCE299BB7200081DF93 /* SceneDelegate.swift */,
				1E145BD0299BB7200081DF93 /* ViewController.swift */,
				1E145BD2299BB7200081DF93 /* Main.storyboard */,
				1E145BD5299BB7210081DF93 /* Assets.xcassets */,
				1E145BD7299BB7210081DF93 /* LaunchScreen.storyboard */,
				1E145BDA299BB7210081DF93 /* Info.plist */,
				1EB23D1129B3476C0029B636 /* Legacy */,
			);
			path = "Baby-Blockchain";
			sourceTree = "<group>";
		};
		1E145BE2299BB7210081DF93 /* Baby-BlockchainTests */ = {
			isa = PBXGroup;
			children = (
				1E145BE3299BB7210081DF93 /* Baby_BlockchainTests.swift */,
			);
			path = "Baby-BlockchainTests";
			sourceTree = "<group>";
		};
		1E145BEC299BB7210081DF93 /* Baby-BlockchainUITests */ = {
			isa = PBXGroup;
			children = (
				1E145BED299BB7210081DF93 /* Baby_BlockchainUITests.swift */,
				1E145BEF299BB7210081DF93 /* Baby_BlockchainUITestsLaunchTests.swift */,
			);
			path = "Baby-BlockchainUITests";
			sourceTree = "<group>";
		};
		1EB23D1129B3476C0029B636 /* Legacy */ = {
			isa = PBXGroup;
			children = (
				1EB23D1229B347870029B636 /* LegacySignatureEC+HMAC.swift */,
			);
			path = Legacy;
			sourceTree = "<group>";
		};
		1EE6674229B34F8F00C7C07D /* Blockchain */ = {
			isa = PBXGroup;
			children = (
				1E145BFC299BBAD40081DF93 /* KeyPair.swift */,
				1E145BFE299BBADE0081DF93 /* SignatureService.swift */,
				1EE6674529B79DC700C7C07D /* Account.swift */,
				1EE6674729B7A01D00C7C07D /* Operation.swift */,
				1EE6674929B7A02D00C7C07D /* Transaction.swift */,
				1EE9908A29C0C14300F782A2 /* Block.swift */,
				1EE9908C29C0C1C300F782A2 /* Blockchain.swift */,
				1EE9909229C0D73100F782A2 /* UserApplication.swift */,
				1EE9909029C0D72100F782A2 /* Wallet.swift */,
				1EE9908E29C0D70C00F782A2 /* Node.swift */,
				1EE9908829C0A1F900F782A2 /* HashService.swift */,
			);
			path = Blockchain;
			sourceTree = "<group>";
		};
/* End PBXGroup section */

/* Begin PBXNativeTarget section */
		1E145BC8299BB7200081DF93 /* Baby-Blockchain */ = {
			isa = PBXNativeTarget;
			buildConfigurationList = 1E145BF3299BB7210081DF93 /* Build configuration list for PBXNativeTarget "Baby-Blockchain" */;
			buildPhases = (
				1E145BC5299BB7200081DF93 /* Sources */,
				1E145BC6299BB7200081DF93 /* Frameworks */,
				1E145BC7299BB7200081DF93 /* Resources */,
			);
			buildRules = (
			);
			dependencies = (
			);
			name = "Baby-Blockchain";
			productName = "Baby-Blockchain";
			productReference = 1E145BC9299BB7200081DF93 /* Baby-Blockchain.app */;
			productType = "com.apple.product-type.application";
		};
		1E145BDE299BB7210081DF93 /* Baby-BlockchainTests */ = {
			isa = PBXNativeTarget;
			buildConfigurationList = 1E145BF6299BB7210081DF93 /* Build configuration list for PBXNativeTarget "Baby-BlockchainTests" */;
			buildPhases = (
				1E145BDB299BB7210081DF93 /* Sources */,
				1E145BDC299BB7210081DF93 /* Frameworks */,
				1E145BDD299BB7210081DF93 /* Resources */,
			);
			buildRules = (
			);
			dependencies = (
				1E145BE1299BB7210081DF93 /* PBXTargetDependency */,
			);
			name = "Baby-BlockchainTests";
			productName = "Baby-BlockchainTests";
			productReference = 1E145BDF299BB7210081DF93 /* Baby-BlockchainTests.xctest */;
			productType = "com.apple.product-type.bundle.unit-test";
		};
		1E145BE8299BB7210081DF93 /* Baby-BlockchainUITests */ = {
			isa = PBXNativeTarget;
			buildConfigurationList = 1E145BF9299BB7210081DF93 /* Build configuration list for PBXNativeTarget "Baby-BlockchainUITests" */;
			buildPhases = (
				1E145BE5299BB7210081DF93 /* Sources */,
				1E145BE6299BB7210081DF93 /* Frameworks */,
				1E145BE7299BB7210081DF93 /* Resources */,
			);
			buildRules = (
			);
			dependencies = (
				1E145BEB299BB7210081DF93 /* PBXTargetDependency */,
			);
			name = "Baby-BlockchainUITests";
			productName = "Baby-BlockchainUITests";
			productReference = 1E145BE9299BB7210081DF93 /* Baby-BlockchainUITests.xctest */;
			productType = "com.apple.product-type.bundle.ui-testing";
		};
/* End PBXNativeTarget section */

/* Begin PBXProject section */
		1E145BC1299BB7200081DF93 /* Project object */ = {
			isa = PBXProject;
			attributes = {
				BuildIndependentTargetsInParallel = 1;
				LastSwiftUpdateCheck = 1420;
				LastUpgradeCheck = 1420;
				TargetAttributes = {
					1E145BC8299BB7200081DF93 = {
						CreatedOnToolsVersion = 14.2;
					};
					1E145BDE299BB7210081DF93 = {
						CreatedOnToolsVersion = 14.2;
						TestTargetID = 1E145BC8299BB7200081DF93;
					};
					1E145BE8299BB7210081DF93 = {
						CreatedOnToolsVersion = 14.2;
						TestTargetID = 1E145BC8299BB7200081DF93;
					};
				};
			};
			buildConfigurationList = 1E145BC4299BB7200081DF93 /* Build configuration list for PBXProject "Baby-Blockchain" */;
			compatibilityVersion = "Xcode 14.0";
			developmentRegion = en;
			hasScannedForEncodings = 0;
			knownRegions = (
				en,
				Base,
			);
			mainGroup = 1E145BC0299BB7200081DF93;
			productRefGroup = 1E145BCA299BB7200081DF93 /* Products */;
			projectDirPath = "";
			projectRoot = "";
			targets = (
				1E145BC8299BB7200081DF93 /* Baby-Blockchain */,
				1E145BDE299BB7210081DF93 /* Baby-BlockchainTests */,
				1E145BE8299BB7210081DF93 /* Baby-BlockchainUITests */,
			);
		};
/* End PBXProject section */

/* Begin PBXResourcesBuildPhase section */
		1E145BC7299BB7200081DF93 /* Resources */ = {
			isa = PBXResourcesBuildPhase;
			buildActionMask = 2147483647;
			files = (
				1E145BD9299BB7210081DF93 /* LaunchScreen.storyboard in Resources */,
				1E145BD6299BB7210081DF93 /* Assets.xcassets in Resources */,
				1E145BD4299BB7200081DF93 /* Main.storyboard in Resources */,
			);
			runOnlyForDeploymentPostprocessing = 0;
		};
		1E145BDD299BB7210081DF93 /* Resources */ = {
			isa = PBXResourcesBuildPhase;
			buildActionMask = 2147483647;
			files = (
			);
			runOnlyForDeploymentPostprocessing = 0;
		};
		1E145BE7299BB7210081DF93 /* Resources */ = {
			isa = PBXResourcesBuildPhase;
			buildActionMask = 2147483647;
			files = (
			);
			runOnlyForDeploymentPostprocessing = 0;
		};
/* End PBXResourcesBuildPhase section */

/* Begin PBXSourcesBuildPhase section */
		1E145BC5299BB7200081DF93 /* Sources */ = {
			isa = PBXSourcesBuildPhase;
			buildActionMask = 2147483647;
			files = (
				1E145BD1299BB7200081DF93 /* ViewController.swift in Sources */,
				1EE9908B29C0C14300F782A2 /* Block.swift in Sources */,
				1E145BFD299BBAD40081DF93 /* KeyPair.swift in Sources */,
				1EE9909329C0D73100F782A2 /* UserApplication.swift in Sources */,
				1EB23D1329B347870029B636 /* LegacySignatureEC+HMAC.swift in Sources */,
				1EE9908929C0A1F900F782A2 /* HashService.swift in Sources */,
				1EE9908F29C0D70C00F782A2 /* Node.swift in Sources */,
				1EE9908D29C0C1C300F782A2 /* Blockchain.swift in Sources */,
				1EE6674829B7A01D00C7C07D /* Operation.swift in Sources */,
				1EE9909129C0D72100F782A2 /* Wallet.swift in Sources */,
				1E145BCD299BB7200081DF93 /* AppDelegate.swift in Sources */,
				1E145BFF299BBADE0081DF93 /* SignatureService.swift in Sources */,
				1E145BCF299BB7200081DF93 /* SceneDelegate.swift in Sources */,
				1EE6674629B79DC700C7C07D /* Account.swift in Sources */,
				1EE6674A29B7A02D00C7C07D /* Transaction.swift in Sources */,
			);
			runOnlyForDeploymentPostprocessing = 0;
		};
		1E145BDB299BB7210081DF93 /* Sources */ = {
			isa = PBXSourcesBuildPhase;
			buildActionMask = 2147483647;
			files = (
				1E145BE4299BB7210081DF93 /* Baby_BlockchainTests.swift in Sources */,
			);
			runOnlyForDeploymentPostprocessing = 0;
		};
		1E145BE5299BB7210081DF93 /* Sources */ = {
			isa = PBXSourcesBuildPhase;
			buildActionMask = 2147483647;
			files = (
				1E145BF0299BB7210081DF93 /* Baby_BlockchainUITestsLaunchTests.swift in Sources */,
				1E145BEE299BB7210081DF93 /* Baby_BlockchainUITests.swift in Sources */,
			);
			runOnlyForDeploymentPostprocessing = 0;
		};
/* End PBXSourcesBuildPhase section */

/* Begin PBXTargetDependency section */
		1E145BE1299BB7210081DF93 /* PBXTargetDependency */ = {
			isa = PBXTargetDependency;
			target = 1E145BC8299BB7200081DF93 /* Baby-Blockchain */;
			targetProxy = 1E145BE0299BB7210081DF93 /* PBXContainerItemProxy */;
		};
		1E145BEB299BB7210081DF93 /* PBXTargetDependency */ = {
			isa = PBXTargetDependency;
			target = 1E145BC8299BB7200081DF93 /* Baby-Blockchain */;
			targetProxy = 1E145BEA299BB7210081DF93 /* PBXContainerItemProxy */;
		};
/* End PBXTargetDependency section */

/* Begin PBXVariantGroup section */
		1E145BD2299BB7200081DF93 /* Main.storyboard */ = {
			isa = PBXVariantGroup;
			children = (
				1E145BD3299BB7200081DF93 /* Base */,
			);
			name = Main.storyboard;
			sourceTree = "<group>";
		};
		1E145BD7299BB7210081DF93 /* LaunchScreen.storyboard */ = {
			isa = PBXVariantGroup;
			children = (
				1E145BD8299BB7210081DF93 /* Base */,
			);
			name = LaunchScreen.storyboard;
			sourceTree = "<group>";
		};
/* End PBXVariantGroup section */

/* Begin XCBuildConfiguration section */
		1E145BF1299BB7210081DF93 /* Debug */ = {
			isa = XCBuildConfiguration;
			buildSettings = {
				ALWAYS_SEARCH_USER_PATHS = NO;
				CLANG_ANALYZER_NONNULL = YES;
				CLANG_ANALYZER_NUMBER_OBJECT_CONVERSION = YES_AGGRESSIVE;
				CLANG_CXX_LANGUAGE_STANDARD = "gnu++20";
				CLANG_ENABLE_MODULES = YES;
				CLANG_ENABLE_OBJC_ARC = YES;
				CLANG_ENABLE_OBJC_WEAK = YES;
				CLANG_WARN_BLOCK_CAPTURE_AUTORELEASING = YES;
				CLANG_WARN_BOOL_CONVERSION = YES;
				CLANG_WARN_COMMA = YES;
				CLANG_WARN_CONSTANT_CONVERSION = YES;
				CLANG_WARN_DEPRECATED_OBJC_IMPLEMENTATIONS = YES;
				CLANG_WARN_DIRECT_OBJC_ISA_USAGE = YES_ERROR;
				CLANG_WARN_DOCUMENTATION_COMMENTS = YES;
				CLANG_WARN_EMPTY_BODY = YES;
				CLANG_WARN_ENUM_CONVERSION = YES;
				CLANG_WARN_INFINITE_RECURSION = YES;
				CLANG_WARN_INT_CONVERSION = YES;
				CLANG_WARN_NON_LITERAL_NULL_CONVERSION = YES;
				CLANG_WARN_OBJC_IMPLICIT_RETAIN_SELF = YES;
				CLANG_WARN_OBJC_LITERAL_CONVERSION = YES;
				CLANG_WARN_OBJC_ROOT_CLASS = YES_ERROR;
				CLANG_WARN_QUOTED_INCLUDE_IN_FRAMEWORK_HEADER = YES;
				CLANG_WARN_RANGE_LOOP_ANALYSIS = YES;
				CLANG_WARN_STRICT_PROTOTYPES = YES;
				CLANG_WARN_SUSPICIOUS_MOVE = YES;
				CLANG_WARN_UNGUARDED_AVAILABILITY = YES_AGGRESSIVE;
				CLANG_WARN_UNREACHABLE_CODE = YES;
				CLANG_WARN__DUPLICATE_METHOD_MATCH = YES;
				COPY_PHASE_STRIP = NO;
				DEBUG_INFORMATION_FORMAT = dwarf;
				ENABLE_STRICT_OBJC_MSGSEND = YES;
				ENABLE_TESTABILITY = YES;
				GCC_C_LANGUAGE_STANDARD = gnu11;
				GCC_DYNAMIC_NO_PIC = NO;
				GCC_NO_COMMON_BLOCKS = YES;
				GCC_OPTIMIZATION_LEVEL = 0;
				GCC_PREPROCESSOR_DEFINITIONS = (
					"DEBUG=1",
					"$(inherited)",
				);
				GCC_WARN_64_TO_32_BIT_CONVERSION = YES;
				GCC_WARN_ABOUT_RETURN_TYPE = YES_ERROR;
				GCC_WARN_UNDECLARED_SELECTOR = YES;
				GCC_WARN_UNINITIALIZED_AUTOS = YES_AGGRESSIVE;
				GCC_WARN_UNUSED_FUNCTION = YES;
				GCC_WARN_UNUSED_VARIABLE = YES;
				IPHONEOS_DEPLOYMENT_TARGET = 16.2;
				MTL_ENABLE_DEBUG_INFO = INCLUDE_SOURCE;
				MTL_FAST_MATH = YES;
				ONLY_ACTIVE_ARCH = YES;
				SDKROOT = iphoneos;
				SWIFT_ACTIVE_COMPILATION_CONDITIONS = DEBUG;
				SWIFT_OPTIMIZATION_LEVEL = "-Onone";
			};
			name = Debug;
		};
		1E145BF2299BB7210081DF93 /* Release */ = {
			isa = XCBuildConfiguration;
			buildSettings = {
				ALWAYS_SEARCH_USER_PATHS = NO;
				CLANG_ANALYZER_NONNULL = YES;
				CLANG_ANALYZER_NUMBER_OBJECT_CONVERSION = YES_AGGRESSIVE;
				CLANG_CXX_LANGUAGE_STANDARD = "gnu++20";
				CLANG_ENABLE_MODULES = YES;
				CLANG_ENABLE_OBJC_ARC = YES;
				CLANG_ENABLE_OBJC_WEAK = YES;
				CLANG_WARN_BLOCK_CAPTURE_AUTORELEASING = YES;
				CLANG_WARN_BOOL_CONVERSION = YES;
				CLANG_WARN_COMMA = YES;
				CLANG_WARN_CONSTANT_CONVERSION = YES;
				CLANG_WARN_DEPRECATED_OBJC_IMPLEMENTATIONS = YES;
				CLANG_WARN_DIRECT_OBJC_ISA_USAGE = YES_ERROR;
				CLANG_WARN_DOCUMENTATION_COMMENTS = YES;
				CLANG_WARN_EMPTY_BODY = YES;
				CLANG_WARN_ENUM_CONVERSION = YES;
				CLANG_WARN_INFINITE_RECURSION = YES;
				CLANG_WARN_INT_CONVERSION = YES;
				CLANG_WARN_NON_LITERAL_NULL_CONVERSION = YES;
				CLANG_WARN_OBJC_IMPLICIT_RETAIN_SELF = YES;
				CLANG_WARN_OBJC_LITERAL_CONVERSION = YES;
				CLANG_WARN_OBJC_ROOT_CLASS = YES_ERROR;
				CLANG_WARN_QUOTED_INCLUDE_IN_FRAMEWORK_HEADER = YES;
				CLANG_WARN_RANGE_LOOP_ANALYSIS = YES;
				CLANG_WARN_STRICT_PROTOTYPES = YES;
				CLANG_WARN_SUSPICIOUS_MOVE = YES;
				CLANG_WARN_UNGUARDED_AVAILABILITY = YES_AGGRESSIVE;
				CLANG_WARN_UNREACHABLE_CODE = YES;
				CLANG_WARN__DUPLICATE_METHOD_MATCH = YES;
				COPY_PHASE_STRIP = NO;
				DEBUG_INFORMATION_FORMAT = "dwarf-with-dsym";
				ENABLE_NS_ASSERTIONS = NO;
				ENABLE_STRICT_OBJC_MSGSEND = YES;
				GCC_C_LANGUAGE_STANDARD = gnu11;
				GCC_NO_COMMON_BLOCKS = YES;
				GCC_WARN_64_TO_32_BIT_CONVERSION = YES;
				GCC_WARN_ABOUT_RETURN_TYPE = YES_ERROR;
				GCC_WARN_UNDECLARED_SELECTOR = YES;
				GCC_WARN_UNINITIALIZED_AUTOS = YES_AGGRESSIVE;
				GCC_WARN_UNUSED_FUNCTION = YES;
				GCC_WARN_UNUSED_VARIABLE = YES;
				IPHONEOS_DEPLOYMENT_TARGET = 16.2;
				MTL_ENABLE_DEBUG_INFO = NO;
				MTL_FAST_MATH = YES;
				SDKROOT = iphoneos;
				SWIFT_COMPILATION_MODE = wholemodule;
				SWIFT_OPTIMIZATION_LEVEL = "-O";
				VALIDATE_PRODUCT = YES;
			};
			name = Release;
		};
		1E145BF4299BB7210081DF93 /* Debug */ = {
			isa = XCBuildConfiguration;
			buildSettings = {
				ASSETCATALOG_COMPILER_APPICON_NAME = AppIcon;
				ASSETCATALOG_COMPILER_GLOBAL_ACCENT_COLOR_NAME = AccentColor;
				CODE_SIGN_STYLE = Automatic;
				CURRENT_PROJECT_VERSION = 1;
				DEVELOPMENT_TEAM = 97UQXA9W36;
				GENERATE_INFOPLIST_FILE = YES;
				INFOPLIST_FILE = "Baby-Blockchain/Info.plist";
				INFOPLIST_KEY_UIApplicationSupportsIndirectInputEvents = YES;
				INFOPLIST_KEY_UILaunchStoryboardName = LaunchScreen;
				INFOPLIST_KEY_UIMainStoryboardFile = Main;
				INFOPLIST_KEY_UISupportedInterfaceOrientations_iPad = "UIInterfaceOrientationPortrait UIInterfaceOrientationPortraitUpsideDown UIInterfaceOrientationLandscapeLeft UIInterfaceOrientationLandscapeRight";
				INFOPLIST_KEY_UISupportedInterfaceOrientations_iPhone = "UIInterfaceOrientationPortrait UIInterfaceOrientationLandscapeLeft UIInterfaceOrientationLandscapeRight";
				LD_RUNPATH_SEARCH_PATHS = (
					"$(inherited)",
					"@executable_path/Frameworks",
				);
				MARKETING_VERSION = 1.0;
				PRODUCT_BUNDLE_IDENTIFIER = "zhuko.Baby-Blockchain";
				PRODUCT_NAME = "$(TARGET_NAME)";
				SWIFT_EMIT_LOC_STRINGS = YES;
				SWIFT_VERSION = 5.0;
				TARGETED_DEVICE_FAMILY = "1,2";
			};
			name = Debug;
		};
		1E145BF5299BB7210081DF93 /* Release */ = {
			isa = XCBuildConfiguration;
			buildSettings = {
				ASSETCATALOG_COMPILER_APPICON_NAME = AppIcon;
				ASSETCATALOG_COMPILER_GLOBAL_ACCENT_COLOR_NAME = AccentColor;
				CODE_SIGN_STYLE = Automatic;
				CURRENT_PROJECT_VERSION = 1;
				DEVELOPMENT_TEAM = 97UQXA9W36;
				GENERATE_INFOPLIST_FILE = YES;
				INFOPLIST_FILE = "Baby-Blockchain/Info.plist";
				INFOPLIST_KEY_UIApplicationSupportsIndirectInputEvents = YES;
				INFOPLIST_KEY_UILaunchStoryboardName = LaunchScreen;
				INFOPLIST_KEY_UIMainStoryboardFile = Main;
				INFOPLIST_KEY_UISupportedInterfaceOrientations_iPad = "UIInterfaceOrientationPortrait UIInterfaceOrientationPortraitUpsideDown UIInterfaceOrientationLandscapeLeft UIInterfaceOrientationLandscapeRight";
				INFOPLIST_KEY_UISupportedInterfaceOrientations_iPhone = "UIInterfaceOrientationPortrait UIInterfaceOrientationLandscapeLeft UIInterfaceOrientationLandscapeRight";
				LD_RUNPATH_SEARCH_PATHS = (
					"$(inherited)",
					"@executable_path/Frameworks",
				);
				MARKETING_VERSION = 1.0;
				PRODUCT_BUNDLE_IDENTIFIER = "zhuko.Baby-Blockchain";
				PRODUCT_NAME = "$(TARGET_NAME)";
				SWIFT_EMIT_LOC_STRINGS = YES;
				SWIFT_VERSION = 5.0;
				TARGETED_DEVICE_FAMILY = "1,2";
			};
			name = Release;
		};
		1E145BF7299BB7210081DF93 /* Debug */ = {
			isa = XCBuildConfiguration;
			buildSettings = {
				ALWAYS_EMBED_SWIFT_STANDARD_LIBRARIES = YES;
				BUNDLE_LOADER = "$(TEST_HOST)";
				CODE_SIGN_STYLE = Automatic;
				CURRENT_PROJECT_VERSION = 1;
				DEVELOPMENT_TEAM = 97UQXA9W36;
				GENERATE_INFOPLIST_FILE = YES;
				IPHONEOS_DEPLOYMENT_TARGET = 16.2;
				MARKETING_VERSION = 1.0;
				PRODUCT_BUNDLE_IDENTIFIER = "zhuko.Baby-BlockchainTests";
				PRODUCT_NAME = "$(TARGET_NAME)";
				SWIFT_EMIT_LOC_STRINGS = NO;
				SWIFT_VERSION = 5.0;
				TARGETED_DEVICE_FAMILY = "1,2";
				TEST_HOST = "$(BUILT_PRODUCTS_DIR)/Baby-Blockchain.app/$(BUNDLE_EXECUTABLE_FOLDER_PATH)/Baby-Blockchain";
			};
			name = Debug;
		};
		1E145BF8299BB7210081DF93 /* Release */ = {
			isa = XCBuildConfiguration;
			buildSettings = {
				ALWAYS_EMBED_SWIFT_STANDARD_LIBRARIES = YES;
				BUNDLE_LOADER = "$(TEST_HOST)";
				CODE_SIGN_STYLE = Automatic;
				CURRENT_PROJECT_VERSION = 1;
				DEVELOPMENT_TEAM = 97UQXA9W36;
				GENERATE_INFOPLIST_FILE = YES;
				IPHONEOS_DEPLOYMENT_TARGET = 16.2;
				MARKETING_VERSION = 1.0;
				PRODUCT_BUNDLE_IDENTIFIER = "zhuko.Baby-BlockchainTests";
				PRODUCT_NAME = "$(TARGET_NAME)";
				SWIFT_EMIT_LOC_STRINGS = NO;
				SWIFT_VERSION = 5.0;
				TARGETED_DEVICE_FAMILY = "1,2";
				TEST_HOST = "$(BUILT_PRODUCTS_DIR)/Baby-Blockchain.app/$(BUNDLE_EXECUTABLE_FOLDER_PATH)/Baby-Blockchain";
			};
			name = Release;
		};
		1E145BFA299BB7210081DF93 /* Debug */ = {
			isa = XCBuildConfiguration;
			buildSettings = {
				ALWAYS_EMBED_SWIFT_STANDARD_LIBRARIES = YES;
				CODE_SIGN_STYLE = Automatic;
				CURRENT_PROJECT_VERSION = 1;
				DEVELOPMENT_TEAM = 97UQXA9W36;
				GENERATE_INFOPLIST_FILE = YES;
				MARKETING_VERSION = 1.0;
				PRODUCT_BUNDLE_IDENTIFIER = "zhuko.Baby-BlockchainUITests";
				PRODUCT_NAME = "$(TARGET_NAME)";
				SWIFT_EMIT_LOC_STRINGS = NO;
				SWIFT_VERSION = 5.0;
				TARGETED_DEVICE_FAMILY = "1,2";
				TEST_TARGET_NAME = "Baby-Blockchain";
			};
			name = Debug;
		};
		1E145BFB299BB7210081DF93 /* Release */ = {
			isa = XCBuildConfiguration;
			buildSettings = {
				ALWAYS_EMBED_SWIFT_STANDARD_LIBRARIES = YES;
				CODE_SIGN_STYLE = Automatic;
				CURRENT_PROJECT_VERSION = 1;
				DEVELOPMENT_TEAM = 97UQXA9W36;
				GENERATE_INFOPLIST_FILE = YES;
				MARKETING_VERSION = 1.0;
				PRODUCT_BUNDLE_IDENTIFIER = "zhuko.Baby-BlockchainUITests";
				PRODUCT_NAME = "$(TARGET_NAME)";
				SWIFT_EMIT_LOC_STRINGS = NO;
				SWIFT_VERSION = 5.0;
				TARGETED_DEVICE_FAMILY = "1,2";
				TEST_TARGET_NAME = "Baby-Blockchain";
			};
			name = Release;
		};
/* End XCBuildConfiguration section */

/* Begin XCConfigurationList section */
		1E145BC4299BB7200081DF93 /* Build configuration list for PBXProject "Baby-Blockchain" */ = {
			isa = XCConfigurationList;
			buildConfigurations = (
				1E145BF1299BB7210081DF93 /* Debug */,
				1E145BF2299BB7210081DF93 /* Release */,
			);
			defaultConfigurationIsVisible = 0;
			defaultConfigurationName = Release;
		};
		1E145BF3299BB7210081DF93 /* Build configuration list for PBXNativeTarget "Baby-Blockchain" */ = {
			isa = XCConfigurationList;
			buildConfigurations = (
				1E145BF4299BB7210081DF93 /* Debug */,
				1E145BF5299BB7210081DF93 /* Release */,
			);
			defaultConfigurationIsVisible = 0;
			defaultConfigurationName = Release;
		};
		1E145BF6299BB7210081DF93 /* Build configuration list for PBXNativeTarget "Baby-BlockchainTests" */ = {
			isa = XCConfigurationList;
			buildConfigurations = (
				1E145BF7299BB7210081DF93 /* Debug */,
				1E145BF8299BB7210081DF93 /* Release */,
			);
			defaultConfigurationIsVisible = 0;
			defaultConfigurationName = Release;
		};
		1E145BF9299BB7210081DF93 /* Build configuration list for PBXNativeTarget "Baby-BlockchainUITests" */ = {
			isa = XCConfigurationList;
			buildConfigurations = (
				1E145BFA299BB7210081DF93 /* Debug */,
				1E145BFB299BB7210081DF93 /* Release */,
			);
			defaultConfigurationIsVisible = 0;
			defaultConfigurationName = Release;
		};
/* End XCConfigurationList section */
	};
	rootObject = 1E145BC1299BB7200081DF93 /* Project object */;
}
